
Microsoft Visual Studio Solution File, Format Version 12.00
# Visual Studio Version 16
VisualStudioVersion = 16.0.28803.202
MinimumVisualStudioVersion = 10.0.40219.1
Project("{9A19103F-16F7-4668-BE54-9A1E7A4F7556}") = "Kiselev Andrey", "Kiselev Andrey\Kiselev Andrey.csproj", "{34F4BC4D-D489-40EF-85A8-EC445DD54A99}"
EndProject
Project("{FAE04EC0-301F-11D3-BF4B-00C04F79EFBC}") = "HW_15", "HW_15\HW_15.csproj", "{42FFE796-9445-4AC2-8130-16E49DB0DD26}"
EndProject
Global
	GlobalSection(SolutionConfigurationPlatforms) = preSolution
		Debug|Any CPU = Debug|Any CPU
		Release|Any CPU = Release|Any CPU
	EndGlobalSection
	GlobalSection(ProjectConfigurationPlatforms) = postSolution
		{34F4BC4D-D489-40EF-85A8-EC445DD54A99}.Debug|Any CPU.ActiveCfg = Debug|Any CPU
		{34F4BC4D-D489-40EF-85A8-EC445DD54A99}.Debug|Any CPU.Build.0 = Debug|Any CPU
		{34F4BC4D-D489-40EF-85A8-EC445DD54A99}.Release|Any CPU.ActiveCfg = Release|Any CPU
		{34F4BC4D-D489-40EF-85A8-EC445DD54A99}.Release|Any CPU.Build.0 = Release|Any CPU
		{42FFE796-9445-4AC2-8130-16E49DB0DD26}.Debug|Any CPU.ActiveCfg = Debug|Any CPU
		{42FFE796-9445-4AC2-8130-16E49DB0DD26}.Debug|Any CPU.Build.0 = Debug|Any CPU
		{42FFE796-9445-4AC2-8130-16E49DB0DD26}.Release|Any CPU.ActiveCfg = Release|Any CPU
		{42FFE796-9445-4AC2-8130-16E49DB0DD26}.Release|Any CPU.Build.0 = Release|Any CPU
	EndGlobalSection
	GlobalSection(SolutionProperties) = preSolution
		HideSolutionNode = FALSE
	EndGlobalSection
	GlobalSection(ExtensibilityGlobals) = postSolution
		SolutionGuid = {F236B0F5-C609-4690-B1C0-C15BE3C55BC2}
	EndGlobalSection
EndGlobal
